
Microsoft Visual Studio Solution File, Format Version 12.00
# Visual Studio Version 16
VisualStudioVersion = 16.0.30503.244
MinimumVisualStudioVersion = 10.0.40219.1
Project("{FAE04EC0-301F-11D3-BF4B-00C04F79EFBC}") = "TaskManager", "TaskManager.csproj", "{CF0BB842-18AC-4119-91C5-EB0CE0F3449F}"
EndProject
Global
	GlobalSection(SolutionConfigurationPlatforms) = preSolution
		Debug|Any CPU = Debug|Any CPU
		Release|Any CPU = Release|Any CPU
	EndGlobalSection
	GlobalSection(ProjectConfigurationPlatforms) = postSolution
		{CF0BB842-18AC-4119-91C5-EB0CE0F3449F}.Debug|Any CPU.ActiveCfg = Debug|Any CPU
		{CF0BB842-18AC-4119-91C5-EB0CE0F3449F}.Debug|Any CPU.Build.0 = Debug|Any CPU
		{CF0BB842-18AC-4119-91C5-EB0CE0F3449F}.Release|Any CPU.ActiveCfg = Release|Any CPU
		{CF0BB842-18AC-4119-91C5-EB0CE0F3449F}.Release|Any CPU.Build.0 = Release|Any CPU
	EndGlobalSection
	GlobalSection(SolutionProperties) = preSolution
		HideSolutionNode = FALSE
	EndGlobalSection
	GlobalSection(ExtensibilityGlobals) = postSolution
		SolutionGuid = {F69CFD8B-CCE5-4127-8FBA-F16309B904B7}
	EndGlobalSection
EndGlobal
